
Microsoft Visual Studio Solution File, Format Version 12.00
# Visual Studio Version 17
VisualStudioVersion = 17.13.35825.156 d17.13
MinimumVisualStudioVersion = 10.0.40219.1
Project("{FAE04EC0-301F-11D3-BF4B-00C04F79EFBC}") = "Pr_2", "Pr_2\Pr_2.csproj", "{3A984C59-D3FA-41F6-8A86-DA403EC6C8D9}"
EndProject
Global
	GlobalSection(SolutionConfigurationPlatforms) = preSolution
		Debug|Any CPU = Debug|Any CPU
		Release|Any CPU = Release|Any CPU
	EndGlobalSection
	GlobalSection(ProjectConfigurationPlatforms) = postSolution
		{3A984C59-D3FA-41F6-8A86-DA403EC6C8D9}.Debug|Any CPU.ActiveCfg = Debug|Any CPU
		{3A984C59-D3FA-41F6-8A86-DA403EC6C8D9}.Debug|Any CPU.Build.0 = Debug|Any CPU
		{3A984C59-D3FA-41F6-8A86-DA403EC6C8D9}.Release|Any CPU.ActiveCfg = Release|Any CPU
		{3A984C59-D3FA-41F6-8A86-DA403EC6C8D9}.Release|Any CPU.Build.0 = Release|Any CPU
	EndGlobalSection
	GlobalSection(SolutionProperties) = preSolution
		HideSolutionNode = FALSE
	EndGlobalSection
	GlobalSection(ExtensibilityGlobals) = postSolution
		SolutionGuid = {8FC79CAB-8738-4239-B35D-163449B41526}
	EndGlobalSection
EndGlobal
